
Microsoft Visual Studio Solution File, Format Version 12.00
# Visual Studio Version 16
VisualStudioVersion = 16.0.33927.289
MinimumVisualStudioVersion = 10.0.40219.1
Project("{2150E333-8FDC-42A3-9474-1A3956D46DE8}") = "Task0", "Task0", "{66120DE9-0E4E-47F9-9CC2-9C7E63612498}"
EndProject
Project("{FAE04EC0-301F-11D3-BF4B-00C04F79EFBC}") = "Tyuiu.KosovskihVA.Sprint5.Task0.V20", "Tyuiu.KosovskihVA.Sprint5.Task0.V20\Tyuiu.KosovskihVA.Sprint5.Task0.V20.csproj", "{CE67919F-1732-4392-9F29-8276A693AC6A}"
EndProject
Project("{FAE04EC0-301F-11D3-BF4B-00C04F79EFBC}") = "Tyuiu.KosovskihVA.Sprint5.Task0.V20.Lib", "Tyuiu.KosovskihVA.Sprint5.Task0.V20.Lib\Tyuiu.KosovskihVA.Sprint5.Task0.V20.Lib.csproj", "{258A16E5-E529-4F2A-9D69-CD3EA8C509AC}"
EndProject
Project("{FAE04EC0-301F-11D3-BF4B-00C04F79EFBC}") = "Tyuiu.KosovskihVA.Sprint5.Task0.V20.Test", "Tyuiu.KosovskihVA.Sprint5.Task0.V20.Test\Tyuiu.KosovskihVA.Sprint5.Task0.V20.Test.csproj", "{D7C0EFCB-0BA7-4B7F-94C9-61AA4678CF2E}"
EndProject
Project("{2150E333-8FDC-42A3-9474-1A3956D46DE8}") = "Task1", "Task1", "{DC4E97CA-CBC7-43C8-A759-7FF3AF0BD917}"
EndProject
Project("{FAE04EC0-301F-11D3-BF4B-00C04F79EFBC}") = "Tyuiu.KosovskihVA.Sprint5.Task1.V29", "Tyuiu.KosovskihVA.Sprint5.Task1.V29\Tyuiu.KosovskihVA.Sprint5.Task1.V29.csproj", "{56B90C5E-EAC1-4401-9F2F-A10234E4635B}"
EndProject
Project("{FAE04EC0-301F-11D3-BF4B-00C04F79EFBC}") = "Tyuiu.KosovskihVA.Sprint5.Task1.V29.Lib", "Tyuiu.KosovskihVA.Sprint5.Task1.V29.Lib\Tyuiu.KosovskihVA.Sprint5.Task1.V29.Lib.csproj", "{04154B1E-0756-45CA-B0F7-2408F6356AE6}"
EndProject
Project("{FAE04EC0-301F-11D3-BF4B-00C04F79EFBC}") = "Tyuiu.KosovskihVA.Sprint5.Task1.V29.Test", "Tyuiu.KosovskihVA.Sprint5.Task1.V29.Test\Tyuiu.KosovskihVA.Sprint5.Task1.V29.Test.csproj", "{8E783482-2EA8-4831-922D-74074BDEC6A2}"
EndProject
Project("{2150E333-8FDC-42A3-9474-1A3956D46DE8}") = "Task2", "Task2", "{C65E1F6F-FBA0-4B37-8A5B-060031048ECA}"
EndProject
Project("{FAE04EC0-301F-11D3-BF4B-00C04F79EFBC}") = "Tyuiu.KosovskihVA.Sprint5.Task2.V8", "Tyuiu.KosovskihVA.Sprint5.Task2.V8\Tyuiu.KosovskihVA.Sprint5.Task2.V8.csproj", "{3E4DACD1-4374-45F6-8536-580725348AC7}"
EndProject
Project("{FAE04EC0-301F-11D3-BF4B-00C04F79EFBC}") = "Tyuiu.KosovskihVA.Sprint5.Task2.V8.Lib", "Tyuiu.KosovskihVA.Sprint5.Task2.V8.Lib\Tyuiu.KosovskihVA.Sprint5.Task2.V8.Lib.csproj", "{B3121F3D-CA18-4E24-89FB-778838ED4FC4}"
EndProject
Project("{FAE04EC0-301F-11D3-BF4B-00C04F79EFBC}") = "Tyuiu.KosovskihVA.Sprint5.Task2.V8.Test", "Tyuiu.KosovskihVA.Sprint5.Task2.V8.Test\Tyuiu.KosovskihVA.Sprint5.Task2.V8.Test.csproj", "{18C49F73-EEA8-4BA9-8DA9-6A310F5FF78D}"
EndProject
Project("{2150E333-8FDC-42A3-9474-1A3956D46DE8}") = "Task3", "Task3", "{8ADDBA0C-A038-4FF6-A1DC-A648F8698E83}"
EndProject
Project("{FAE04EC0-301F-11D3-BF4B-00C04F79EFBC}") = "Tyuiu.KosovskihVA.Sprint5.Task3.V25", "Tyuiu.KosovskihVA.Sprint5.Task3.V25\Tyuiu.KosovskihVA.Sprint5.Task3.V25.csproj", "{72962027-2254-48D5-9071-196032E02876}"
EndProject
Project("{FAE04EC0-301F-11D3-BF4B-00C04F79EFBC}") = "Tyuiu.KosovskihVA.Sprint5.Task3.V25.Lib", "Tyuiu.KosovskihVA.Sprint5.Task3.V25.Lib\Tyuiu.KosovskihVA.Sprint5.Task3.V25.Lib.csproj", "{8908ABB3-E098-4E08-824A-A6E88E342598}"
EndProject
Project("{FAE04EC0-301F-11D3-BF4B-00C04F79EFBC}") = "Tyuiu.KosovskihVA.Sprint5.Task3.V25.Test", "Tyuiu.KosovskihVA.Sprint5.Task3.V25.Test\Tyuiu.KosovskihVA.Sprint5.Task3.V25.Test.csproj", "{1CB06723-0F8F-4C82-A942-29203FF0AA4C}"
EndProject
Project("{2150E333-8FDC-42A3-9474-1A3956D46DE8}") = "Task4", "Task4", "{44DCBB45-BA8D-4D14-898F-AAC50678515C}"
EndProject
Project("{FAE04EC0-301F-11D3-BF4B-00C04F79EFBC}") = "Tyuiu.KosovskihVA.Sprint5.Task4.V30", "Tyuiu.KosovskihVA.Sprint5.Task4.V30\Tyuiu.KosovskihVA.Sprint5.Task4.V30.csproj", "{0AB7AEB0-7D8A-41F2-B18C-463A2E549C71}"
EndProject
Project("{FAE04EC0-301F-11D3-BF4B-00C04F79EFBC}") = "Tyuiu.KosovskihVA.Sprint5.Task4.V30.Lib", "Tyuiu.KosovskihVA.Sprint5.Task4.V30.Lib\Tyuiu.KosovskihVA.Sprint5.Task4.V30.Lib.csproj", "{E990542C-CB47-4AF7-AA66-18EF8AB9A2E0}"
EndProject
Project("{FAE04EC0-301F-11D3-BF4B-00C04F79EFBC}") = "Tyuiu.KosovskihVA.Sprint5.Task4.V30.Test", "Tyuiu.KosovskihVA.Sprint5.Task4.V30.Test\Tyuiu.KosovskihVA.Sprint5.Task4.V30.Test.csproj", "{F8D9E7CE-F1B3-49C3-950F-D11767B19E25}"
EndProject
Project("{2150E333-8FDC-42A3-9474-1A3956D46DE8}") = "Task5", "Task5", "{C00B3D24-B031-4120-BE87-E495D8E0FB81}"
EndProject
Project("{FAE04EC0-301F-11D3-BF4B-00C04F79EFBC}") = "Tyuiu.KosovskihVA.Sprint5.Task5.V26", "Tyuiu.KosovskihVA.Sprint5.Task5.V26\Tyuiu.KosovskihVA.Sprint5.Task5.V26.csproj", "{558B5FED-1221-41F2-AF08-A0C8B80BE940}"
EndProject
Project("{FAE04EC0-301F-11D3-BF4B-00C04F79EFBC}") = "Tyuiu.KosovskihVA.Sprint5.Task5.V26.Lib", "Tyuiu.KosovskihVA.Sprint5.Task5.V26.Lib\Tyuiu.KosovskihVA.Sprint5.Task5.V26.Lib.csproj", "{76E5DA2A-759A-4C57-B6F6-AADFB6A4B688}"
EndProject
Project("{FAE04EC0-301F-11D3-BF4B-00C04F79EFBC}") = "Tyuiu.KosovskihVA.Sprint5.Task5.V26.Test", "Tyuiu.KosovskihVA.Sprint5.Task5.V26.Test\Tyuiu.KosovskihVA.Sprint5.Task5.V26.Test.csproj", "{E17073A2-0334-4E44-AE32-45D944F6A407}"
EndProject
Project("{2150E333-8FDC-42A3-9474-1A3956D46DE8}") = "Task6", "Task6", "{ECCE36DC-8B38-4E30-8D34-676B95F2C128}"
EndProject
Project("{FAE04EC0-301F-11D3-BF4B-00C04F79EFBC}") = "Tyuiu.KosovskihVA.Sprint5.Task6.V7", "Tyuiu.KosovskihVA.Sprint5.Task6.V7\Tyuiu.KosovskihVA.Sprint5.Task6.V7.csproj", "{36BA6E1D-B8E4-49B7-BCF1-D76D335C96EF}"
EndProject
Project("{FAE04EC0-301F-11D3-BF4B-00C04F79EFBC}") = "Tyuiu.KosovskihVA.Sprint5.Task6.V7.Lib", "Tyuiu.KosovskihVA.Sprint5.Task6.V7.Lib\Tyuiu.KosovskihVA.Sprint5.Task6.V7.Lib.csproj", "{BC5E1182-5BC3-4E89-83BF-2BF5A52FF9B4}"
EndProject
Project("{FAE04EC0-301F-11D3-BF4B-00C04F79EFBC}") = "Tyuiu.KosovskihVA.Sprint5.Task6.V7.Test", "Tyuiu.KosovskihVA.Sprint5.Task6.V7.Test\Tyuiu.KosovskihVA.Sprint5.Task6.V7.Test.csproj", "{E678D322-8016-4EEF-9D16-29A8F2C7D86E}"
EndProject
Global
	GlobalSection(SolutionConfigurationPlatforms) = preSolution
		Debug|Any CPU = Debug|Any CPU
		Release|Any CPU = Release|Any CPU
	EndGlobalSection
	GlobalSection(ProjectConfigurationPlatforms) = postSolution
		{CE67919F-1732-4392-9F29-8276A693AC6A}.Debug|Any CPU.ActiveCfg = Debug|Any CPU
		{CE67919F-1732-4392-9F29-8276A693AC6A}.Debug|Any CPU.Build.0 = Debug|Any CPU
		{CE67919F-1732-4392-9F29-8276A693AC6A}.Release|Any CPU.ActiveCfg = Release|Any CPU
		{CE67919F-1732-4392-9F29-8276A693AC6A}.Release|Any CPU.Build.0 = Release|Any CPU
		{258A16E5-E529-4F2A-9D69-CD3EA8C509AC}.Debug|Any CPU.ActiveCfg = Debug|Any CPU
		{258A16E5-E529-4F2A-9D69-CD3EA8C509AC}.Debug|Any CPU.Build.0 = Debug|Any CPU
		{258A16E5-E529-4F2A-9D69-CD3EA8C509AC}.Release|Any CPU.ActiveCfg = Release|Any CPU
		{258A16E5-E529-4F2A-9D69-CD3EA8C509AC}.Release|Any CPU.Build.0 = Release|Any CPU
		{D7C0EFCB-0BA7-4B7F-94C9-61AA4678CF2E}.Debug|Any CPU.ActiveCfg = Debug|Any CPU
		{D7C0EFCB-0BA7-4B7F-94C9-61AA4678CF2E}.Debug|Any CPU.Build.0 = Debug|Any CPU
		{D7C0EFCB-0BA7-4B7F-94C9-61AA4678CF2E}.Release|Any CPU.ActiveCfg = Release|Any CPU
		{D7C0EFCB-0BA7-4B7F-94C9-61AA4678CF2E}.Release|Any CPU.Build.0 = Release|Any CPU
		{56B90C5E-EAC1-4401-9F2F-A10234E4635B}.Debug|Any CPU.ActiveCfg = Debug|Any CPU
		{56B90C5E-EAC1-4401-9F2F-A10234E4635B}.Debug|Any CPU.Build.0 = Debug|Any CPU
		{56B90C5E-EAC1-4401-9F2F-A10234E4635B}.Release|Any CPU.ActiveCfg = Release|Any CPU
		{56B90C5E-EAC1-4401-9F2F-A10234E4635B}.Release|Any CPU.Build.0 = Release|Any CPU
		{04154B1E-0756-45CA-B0F7-2408F6356AE6}.Debug|Any CPU.ActiveCfg = Debug|Any CPU
		{04154B1E-0756-45CA-B0F7-2408F6356AE6}.Debug|Any CPU.Build.0 = Debug|Any CPU
		{04154B1E-0756-45CA-B0F7-2408F6356AE6}.Release|Any CPU.ActiveCfg = Release|Any CPU
		{04154B1E-0756-45CA-B0F7-2408F6356AE6}.Release|Any CPU.Build.0 = Release|Any CPU
		{8E783482-2EA8-4831-922D-74074BDEC6A2}.Debug|Any CPU.ActiveCfg = Debug|Any CPU
		{8E783482-2EA8-4831-922D-74074BDEC6A2}.Debug|Any CPU.Build.0 = Debug|Any CPU
		{8E783482-2EA8-4831-922D-74074BDEC6A2}.Release|Any CPU.ActiveCfg = Release|Any CPU
		{8E783482-2EA8-4831-922D-74074BDEC6A2}.Release|Any CPU.Build.0 = Release|Any CPU
		{3E4DACD1-4374-45F6-8536-580725348AC7}.Debug|Any CPU.ActiveCfg = Debug|Any CPU
		{3E4DACD1-4374-45F6-8536-580725348AC7}.Debug|Any CPU.Build.0 = Debug|Any CPU
		{3E4DACD1-4374-45F6-8536-580725348AC7}.Release|Any CPU.ActiveCfg = Release|Any CPU
		{3E4DACD1-4374-45F6-8536-580725348AC7}.Release|Any CPU.Build.0 = Release|Any CPU
		{B3121F3D-CA18-4E24-89FB-778838ED4FC4}.Debug|Any CPU.ActiveCfg = Debug|Any CPU
		{B3121F3D-CA18-4E24-89FB-778838ED4FC4}.Debug|Any CPU.Build.0 = Debug|Any CPU
		{B3121F3D-CA18-4E24-89FB-778838ED4FC4}.Release|Any CPU.ActiveCfg = Release|Any CPU
		{B3121F3D-CA18-4E24-89FB-778838ED4FC4}.Release|Any CPU.Build.0 = Release|Any CPU
		{18C49F73-EEA8-4BA9-8DA9-6A310F5FF78D}.Debug|Any CPU.ActiveCfg = Debug|Any CPU
		{18C49F73-EEA8-4BA9-8DA9-6A310F5FF78D}.Debug|Any CPU.Build.0 = Debug|Any CPU
		{18C49F73-EEA8-4BA9-8DA9-6A310F5FF78D}.Release|Any CPU.ActiveCfg = Release|Any CPU
		{18C49F73-EEA8-4BA9-8DA9-6A310F5FF78D}.Release|Any CPU.Build.0 = Release|Any CPU
		{72962027-2254-48D5-9071-196032E02876}.Debug|Any CPU.ActiveCfg = Debug|Any CPU
		{72962027-2254-48D5-9071-196032E02876}.Debug|Any CPU.Build.0 = Debug|Any CPU
		{72962027-2254-48D5-9071-196032E02876}.Release|Any CPU.ActiveCfg = Release|Any CPU
		{72962027-2254-48D5-9071-196032E02876}.Release|Any CPU.Build.0 = Release|Any CPU
		{8908ABB3-E098-4E08-824A-A6E88E342598}.Debug|Any CPU.ActiveCfg = Debug|Any CPU
		{8908ABB3-E098-4E08-824A-A6E88E342598}.Debug|Any CPU.Build.0 = Debug|Any CPU
		{8908ABB3-E098-4E08-824A-A6E88E342598}.Release|Any CPU.ActiveCfg = Release|Any CPU
		{8908ABB3-E098-4E08-824A-A6E88E342598}.Release|Any CPU.Build.0 = Release|Any CPU
		{1CB06723-0F8F-4C82-A942-29203FF0AA4C}.Debug|Any CPU.ActiveCfg = Debug|Any CPU
		{1CB06723-0F8F-4C82-A942-29203FF0AA4C}.Debug|Any CPU.Build.0 = Debug|Any CPU
		{1CB06723-0F8F-4C82-A942-29203FF0AA4C}.Release|Any CPU.ActiveCfg = Release|Any CPU
		{1CB06723-0F8F-4C82-A942-29203FF0AA4C}.Release|Any CPU.Build.0 = Release|Any CPU
		{0AB7AEB0-7D8A-41F2-B18C-463A2E549C71}.Debug|Any CPU.ActiveCfg = Debug|Any CPU
		{0AB7AEB0-7D8A-41F2-B18C-463A2E549C71}.Debug|Any CPU.Build.0 = Debug|Any CPU
		{0AB7AEB0-7D8A-41F2-B18C-463A2E549C71}.Release|Any CPU.ActiveCfg = Release|Any CPU
		{0AB7AEB0-7D8A-41F2-B18C-463A2E549C71}.Release|Any CPU.Build.0 = Release|Any CPU
		{E990542C-CB47-4AF7-AA66-18EF8AB9A2E0}.Debug|Any CPU.ActiveCfg = Debug|Any CPU
		{E990542C-CB47-4AF7-AA66-18EF8AB9A2E0}.Debug|Any CPU.Build.0 = Debug|Any CPU
		{E990542C-CB47-4AF7-AA66-18EF8AB9A2E0}.Release|Any CPU.ActiveCfg = Release|Any CPU
		{E990542C-CB47-4AF7-AA66-18EF8AB9A2E0}.Release|Any CPU.Build.0 = Release|Any CPU
		{F8D9E7CE-F1B3-49C3-950F-D11767B19E25}.Debug|Any CPU.ActiveCfg = Debug|Any CPU
		{F8D9E7CE-F1B3-49C3-950F-D11767B19E25}.Debug|Any CPU.Build.0 = Debug|Any CPU
		{F8D9E7CE-F1B3-49C3-950F-D11767B19E25}.Release|Any CPU.ActiveCfg = Release|Any CPU
		{F8D9E7CE-F1B3-49C3-950F-D11767B19E25}.Release|Any CPU.Build.0 = Release|Any CPU
		{558B5FED-1221-41F2-AF08-A0C8B80BE940}.Debug|Any CPU.ActiveCfg = Debug|Any CPU
		{558B5FED-1221-41F2-AF08-A0C8B80BE940}.Debug|Any CPU.Build.0 = Debug|Any CPU
		{558B5FED-1221-41F2-AF08-A0C8B80BE940}.Release|Any CPU.ActiveCfg = Release|Any CPU
		{558B5FED-1221-41F2-AF08-A0C8B80BE940}.Release|Any CPU.Build.0 = Release|Any CPU
		{76E5DA2A-759A-4C57-B6F6-AADFB6A4B688}.Debug|Any CPU.ActiveCfg = Debug|Any CPU
		{76E5DA2A-759A-4C57-B6F6-AADFB6A4B688}.Debug|Any CPU.Build.0 = Debug|Any CPU
		{76E5DA2A-759A-4C57-B6F6-AADFB6A4B688}.Release|Any CPU.ActiveCfg = Release|Any CPU
		{76E5DA2A-759A-4C57-B6F6-AADFB6A4B688}.Release|Any CPU.Build.0 = Release|Any CPU
		{E17073A2-0334-4E44-AE32-45D944F6A407}.Debug|Any CPU.ActiveCfg = Debug|Any CPU
		{E17073A2-0334-4E44-AE32-45D944F6A407}.Debug|Any CPU.Build.0 = Debug|Any CPU
		{E17073A2-0334-4E44-AE32-45D944F6A407}.Release|Any CPU.ActiveCfg = Release|Any CPU
		{E17073A2-0334-4E44-AE32-45D944F6A407}.Release|Any CPU.Build.0 = Release|Any CPU
		{36BA6E1D-B8E4-49B7-BCF1-D76D335C96EF}.Debug|Any CPU.ActiveCfg = Debug|Any CPU
		{36BA6E1D-B8E4-49B7-BCF1-D76D335C96EF}.Debug|Any CPU.Build.0 = Debug|Any CPU
		{36BA6E1D-B8E4-49B7-BCF1-D76D335C96EF}.Release|Any CPU.ActiveCfg = Release|Any CPU
		{36BA6E1D-B8E4-49B7-BCF1-D76D335C96EF}.Release|Any CPU.Build.0 = Release|Any CPU
		{BC5E1182-5BC3-4E89-83BF-2BF5A52FF9B4}.Debug|Any CPU.ActiveCfg = Debug|Any CPU
		{BC5E1182-5BC3-4E89-83BF-2BF5A52FF9B4}.Debug|Any CPU.Build.0 = Debug|Any CPU
		{BC5E1182-5BC3-4E89-83BF-2BF5A52FF9B4}.Release|Any CPU.ActiveCfg = Release|Any CPU
		{BC5E1182-5BC3-4E89-83BF-2BF5A52FF9B4}.Release|Any CPU.Build.0 = Release|Any CPU
		{E678D322-8016-4EEF-9D16-29A8F2C7D86E}.Debug|Any CPU.ActiveCfg = Debug|Any CPU
		{E678D322-8016-4EEF-9D16-29A8F2C7D86E}.Debug|Any CPU.Build.0 = Debug|Any CPU
		{E678D322-8016-4EEF-9D16-29A8F2C7D86E}.Release|Any CPU.ActiveCfg = Release|Any CPU
		{E678D322-8016-4EEF-9D16-29A8F2C7D86E}.Release|Any CPU.Build.0 = Release|Any CPU
	EndGlobalSection
	GlobalSection(SolutionProperties) = preSolution
		HideSolutionNode = FALSE
	EndGlobalSection
	GlobalSection(NestedProjects) = preSolution
		{CE67919F-1732-4392-9F29-8276A693AC6A} = {66120DE9-0E4E-47F9-9CC2-9C7E63612498}
		{258A16E5-E529-4F2A-9D69-CD3EA8C509AC} = {66120DE9-0E4E-47F9-9CC2-9C7E63612498}
		{D7C0EFCB-0BA7-4B7F-94C9-61AA4678CF2E} = {66120DE9-0E4E-47F9-9CC2-9C7E63612498}
		{56B90C5E-EAC1-4401-9F2F-A10234E4635B} = {DC4E97CA-CBC7-43C8-A759-7FF3AF0BD917}
		{04154B1E-0756-45CA-B0F7-2408F6356AE6} = {DC4E97CA-CBC7-43C8-A759-7FF3AF0BD917}
		{8E783482-2EA8-4831-922D-74074BDEC6A2} = {DC4E97CA-CBC7-43C8-A759-7FF3AF0BD917}
		{3E4DACD1-4374-45F6-8536-580725348AC7} = {C65E1F6F-FBA0-4B37-8A5B-060031048ECA}
		{B3121F3D-CA18-4E24-89FB-778838ED4FC4} = {C65E1F6F-FBA0-4B37-8A5B-060031048ECA}
		{18C49F73-EEA8-4BA9-8DA9-6A310F5FF78D} = {C65E1F6F-FBA0-4B37-8A5B-060031048ECA}
		{72962027-2254-48D5-9071-196032E02876} = {8ADDBA0C-A038-4FF6-A1DC-A648F8698E83}
		{8908ABB3-E098-4E08-824A-A6E88E342598} = {8ADDBA0C-A038-4FF6-A1DC-A648F8698E83}
		{1CB06723-0F8F-4C82-A942-29203FF0AA4C} = {8ADDBA0C-A038-4FF6-A1DC-A648F8698E83}
		{0AB7AEB0-7D8A-41F2-B18C-463A2E549C71} = {44DCBB45-BA8D-4D14-898F-AAC50678515C}
		{E990542C-CB47-4AF7-AA66-18EF8AB9A2E0} = {44DCBB45-BA8D-4D14-898F-AAC50678515C}
		{F8D9E7CE-F1B3-49C3-950F-D11767B19E25} = {44DCBB45-BA8D-4D14-898F-AAC50678515C}
		{558B5FED-1221-41F2-AF08-A0C8B80BE940} = {C00B3D24-B031-4120-BE87-E495D8E0FB81}
		{76E5DA2A-759A-4C57-B6F6-AADFB6A4B688} = {C00B3D24-B031-4120-BE87-E495D8E0FB81}
		{E17073A2-0334-4E44-AE32-45D944F6A407} = {C00B3D24-B031-4120-BE87-E495D8E0FB81}
		{36BA6E1D-B8E4-49B7-BCF1-D76D335C96EF} = {ECCE36DC-8B38-4E30-8D34-676B95F2C128}
		{BC5E1182-5BC3-4E89-83BF-2BF5A52FF9B4} = {ECCE36DC-8B38-4E30-8D34-676B95F2C128}
		{E678D322-8016-4EEF-9D16-29A8F2C7D86E} = {ECCE36DC-8B38-4E30-8D34-676B95F2C128}
	EndGlobalSection
	GlobalSection(ExtensibilityGlobals) = postSolution
		SolutionGuid = {17214D1F-3362-4B6C-8D16-87697475AA5F}
	EndGlobalSection
EndGlobal
